// !$*UTF8*$!
{
	archiveVersion = 1;
	classes = {
	};
	objectVersion = 46;
	objects = {

/* Begin PBXBuildFile section */
		63A255711B3B16BD0003D954 /* AppDelegate.swift in Sources */ = {isa = PBXBuildFile; fileRef = 63A255701B3B16BD0003D954 /* AppDelegate.swift */; };
		63A255731B3B16BD0003D954 /* ViewController.swift in Sources */ = {isa = PBXBuildFile; fileRef = 63A255721B3B16BD0003D954 /* ViewController.swift */; };
		63A255761B3B16BD0003D954 /* Main.storyboard in Resources */ = {isa = PBXBuildFile; fileRef = 63A255741B3B16BD0003D954 /* Main.storyboard */; };
		63A255781B3B16BD0003D954 /* Images.xcassets in Resources */ = {isa = PBXBuildFile; fileRef = 63A255771B3B16BD0003D954 /* Images.xcassets */; };
		63A2557B1B3B16BD0003D954 /* LaunchScreen.xib in Resources */ = {isa = PBXBuildFile; fileRef = 63A255791B3B16BD0003D954 /* LaunchScreen.xib */; };
		63A255871B3B16BD0003D954 /* StormyTests.swift in Sources */ = {isa = PBXBuildFile; fileRef = 63A255861B3B16BD0003D954 /* StormyTests.swift */; };
		63A255911B3B17A70003D954 /* CurrentWeather.plist in Resources */ = {isa = PBXBuildFile; fileRef = 63A255901B3B17A70003D954 /* CurrentWeather.plist */; };
		63A255931B3B18440003D954 /* CurrentWeather.swift in Sources */ = {isa = PBXBuildFile; fileRef = 63A255921B3B18440003D954 /* CurrentWeather.swift */; };
		63F2F1611B4266EF005A3221 /* NetworkOperation.swift in Sources */ = {isa = PBXBuildFile; fileRef = 63F2F1601B4266EF005A3221 /* NetworkOperation.swift */; };
/* End PBXBuildFile section */

/* Begin PBXContainerItemProxy section */
		63A255811B3B16BD0003D954 /* PBXContainerItemProxy */ = {
			isa = PBXContainerItemProxy;
			containerPortal = 63A255631B3B16BD0003D954 /* Project object */;
			proxyType = 1;
			remoteGlobalIDString = 63A2556A1B3B16BD0003D954;
			remoteInfo = Stormy;
		};
/* End PBXContainerItemProxy section */

/* Begin PBXFileReference section */
		63A2556B1B3B16BD0003D954 /* Stormy.app */ = {isa = PBXFileReference; explicitFileType = wrapper.application; includeInIndex = 0; path = Stormy.app; sourceTree = BUILT_PRODUCTS_DIR; };
		63A2556F1B3B16BD0003D954 /* Info.plist */ = {isa = PBXFileReference; lastKnownFileType = text.plist.xml; path = Info.plist; sourceTree = "<group>"; };
		63A255701B3B16BD0003D954 /* AppDelegate.swift */ = {isa = PBXFileReference; lastKnownFileType = sourcecode.swift; path = AppDelegate.swift; sourceTree = "<group>"; };
		63A255721B3B16BD0003D954 /* ViewController.swift */ = {isa = PBXFileReference; lastKnownFileType = sourcecode.swift; path = ViewController.swift; sourceTree = "<group>"; };
		63A255751B3B16BD0003D954 /* Base */ = {isa = PBXFileReference; lastKnownFileType = file.storyboard; name = Base; path = Base.lproj/Main.storyboard; sourceTree = "<group>"; };
		63A255771B3B16BD0003D954 /* Images.xcassets */ = {isa = PBXFileReference; lastKnownFileType = folder.assetcatalog; path = Images.xcassets; sourceTree = "<group>"; };
		63A2557A1B3B16BD0003D954 /* Base */ = {isa = PBXFileReference; lastKnownFileType = file.xib; name = Base; path = Base.lproj/LaunchScreen.xib; sourceTree = "<group>"; };
		63A255801B3B16BD0003D954 /* StormyTests.xctest */ = {isa = PBXFileReference; explicitFileType = wrapper.cfbundle; includeInIndex = 0; path = StormyTests.xctest; sourceTree = BUILT_PRODUCTS_DIR; };
		63A255851B3B16BD0003D954 /* Info.plist */ = {isa = PBXFileReference; lastKnownFileType = text.plist.xml; path = Info.plist; sourceTree = "<group>"; };
		63A255861B3B16BD0003D954 /* StormyTests.swift */ = {isa = PBXFileReference; lastKnownFileType = sourcecode.swift; path = StormyTests.swift; sourceTree = "<group>"; };
		63A255901B3B17A70003D954 /* CurrentWeather.plist */ = {isa = PBXFileReference; fileEncoding = 4; lastKnownFileType = text.plist.xml; path = CurrentWeather.plist; sourceTree = "<group>"; };
		63A255921B3B18440003D954 /* CurrentWeather.swift */ = {isa = PBXFileReference; fileEncoding = 4; lastKnownFileType = sourcecode.swift; path = CurrentWeather.swift; sourceTree = "<group>"; };
		63F2F1601B4266EF005A3221 /* NetworkOperation.swift */ = {isa = PBXFileReference; fileEncoding = 4; lastKnownFileType = sourcecode.swift; path = NetworkOperation.swift; sourceTree = "<group>"; };
/* End PBXFileReference section */

/* Begin PBXFrameworksBuildPhase section */
		63A255681B3B16BD0003D954 /* Frameworks */ = {
			isa = PBXFrameworksBuildPhase;
			buildActionMask = 2147483647;
			files = (
			);
			runOnlyForDeploymentPostprocessing = 0;
		};
		63A2557D1B3B16BD0003D954 /* Frameworks */ = {
			isa = PBXFrameworksBuildPhase;
			buildActionMask = 2147483647;
			files = (
			);
			runOnlyForDeploymentPostprocessing = 0;
		};
/* End PBXFrameworksBuildPhase section */

/* Begin PBXGroup section */
		63A255621B3B16BD0003D954 = {
			isa = PBXGroup;
			children = (
				63A2556D1B3B16BD0003D954 /* Stormy */,
				63A255831B3B16BD0003D954 /* StormyTests */,
				63A2556C1B3B16BD0003D954 /* Products */,
			);
			sourceTree = "<group>";
		};
		63A2556C1B3B16BD0003D954 /* Products */ = {
			isa = PBXGroup;
			children = (
				63A2556B1B3B16BD0003D954 /* Stormy.app */,
				63A255801B3B16BD0003D954 /* StormyTests.xctest */,
			);
			name = Products;
			sourceTree = "<group>";
		};
		63A2556D1B3B16BD0003D954 /* Stormy */ = {
			isa = PBXGroup;
			children = (
				63F2F15F1B4266D0005A3221 /* Services */,
				63A255701B3B16BD0003D954 /* AppDelegate.swift */,
				63A255951B3B1AAF0003D954 /* controllers */,
				63A255941B3B1A9D0003D954 /* models */,
				63A255961B3B1AC80003D954 /* views */,
				63A255771B3B16BD0003D954 /* Images.xcassets */,
				63A2556E1B3B16BD0003D954 /* Supporting Files */,
			);
			path = Stormy;
			sourceTree = "<group>";
		};
		63A2556E1B3B16BD0003D954 /* Supporting Files */ = {
			isa = PBXGroup;
			children = (
				63A255901B3B17A70003D954 /* CurrentWeather.plist */,
				63A2556F1B3B16BD0003D954 /* Info.plist */,
			);
			name = "Supporting Files";
			sourceTree = "<group>";
		};
		63A255831B3B16BD0003D954 /* StormyTests */ = {
			isa = PBXGroup;
			children = (
				63A255861B3B16BD0003D954 /* StormyTests.swift */,
				63A255841B3B16BD0003D954 /* Supporting Files */,
			);
			path = StormyTests;
			sourceTree = "<group>";
		};
		63A255841B3B16BD0003D954 /* Supporting Files */ = {
			isa = PBXGroup;
			children = (
				63A255851B3B16BD0003D954 /* Info.plist */,
			);
			name = "Supporting Files";
			sourceTree = "<group>";
		};
		63A255941B3B1A9D0003D954 /* models */ = {
			isa = PBXGroup;
			children = (
				63A255921B3B18440003D954 /* CurrentWeather.swift */,
			);
			name = models;
			sourceTree = "<group>";
		};
		63A255951B3B1AAF0003D954 /* controllers */ = {
			isa = PBXGroup;
			children = (
				63A255721B3B16BD0003D954 /* ViewController.swift */,
			);
			name = controllers;
			sourceTree = "<group>";
		};
		63A255961B3B1AC80003D954 /* views */ = {
			isa = PBXGroup;
			children = (
				63A255741B3B16BD0003D954 /* Main.storyboard */,
				63A255791B3B16BD0003D954 /* LaunchScreen.xib */,
			);
			name = views;
			sourceTree = "<group>";
		};
		63F2F15F1B4266D0005A3221 /* Services */ = {
			isa = PBXGroup;
			children = (
				63F2F1601B4266EF005A3221 /* NetworkOperation.swift */,
			);
			name = Services;
			sourceTree = "<group>";
		};
/* End PBXGroup section */

/* Begin PBXNativeTarget section */
		63A2556A1B3B16BD0003D954 /* Stormy */ = {
			isa = PBXNativeTarget;
			buildConfigurationList = 63A2558A1B3B16BD0003D954 /* Build configuration list for PBXNativeTarget "Stormy" */;
			buildPhases = (
				63A255671B3B16BD0003D954 /* Sources */,
				63A255681B3B16BD0003D954 /* Frameworks */,
				63A255691B3B16BD0003D954 /* Resources */,
			);
			buildRules = (
			);
			dependencies = (
			);
			name = Stormy;
			productName = Stormy;
			productReference = 63A2556B1B3B16BD0003D954 /* Stormy.app */;
			productType = "com.apple.product-type.application";
		};
		63A2557F1B3B16BD0003D954 /* StormyTests */ = {
			isa = PBXNativeTarget;
			buildConfigurationList = 63A2558D1B3B16BD0003D954 /* Build configuration list for PBXNativeTarget "StormyTests" */;
			buildPhases = (
				63A2557C1B3B16BD0003D954 /* Sources */,
				63A2557D1B3B16BD0003D954 /* Frameworks */,
				63A2557E1B3B16BD0003D954 /* Resources */,
			);
			buildRules = (
			);
			dependencies = (
				63A255821B3B16BD0003D954 /* PBXTargetDependency */,
			);
			name = StormyTests;
			productName = StormyTests;
			productReference = 63A255801B3B16BD0003D954 /* StormyTests.xctest */;
			productType = "com.apple.product-type.bundle.unit-test";
		};
/* End PBXNativeTarget section */

/* Begin PBXProject section */
		63A255631B3B16BD0003D954 /* Project object */ = {
			isa = PBXProject;
			attributes = {
				LastUpgradeCheck = 0630;
				ORGANIZATIONNAME = "Philosophie LLC";
				TargetAttributes = {
					63A2556A1B3B16BD0003D954 = {
						CreatedOnToolsVersion = 6.3.2;
					};
					63A2557F1B3B16BD0003D954 = {
						CreatedOnToolsVersion = 6.3.2;
						TestTargetID = 63A2556A1B3B16BD0003D954;
					};
				};
			};
			buildConfigurationList = 63A255661B3B16BD0003D954 /* Build configuration list for PBXProject "Stormy" */;
			compatibilityVersion = "Xcode 3.2";
			developmentRegion = English;
			hasScannedForEncodings = 0;
			knownRegions = (
				en,
				Base,
			);
			mainGroup = 63A255621B3B16BD0003D954;
			productRefGroup = 63A2556C1B3B16BD0003D954 /* Products */;
			projectDirPath = "";
			projectRoot = "";
			targets = (
				63A2556A1B3B16BD0003D954 /* Stormy */,
				63A2557F1B3B16BD0003D954 /* StormyTests */,
			);
		};
/* End PBXProject section */

/* Begin PBXResourcesBuildPhase section */
		63A255691B3B16BD0003D954 /* Resources */ = {
			isa = PBXResourcesBuildPhase;
			buildActionMask = 2147483647;
			files = (
				63A255761B3B16BD0003D954 /* Main.storyboard in Resources */,
				63A255911B3B17A70003D954 /* CurrentWeather.plist in Resources */,
				63A2557B1B3B16BD0003D954 /* LaunchScreen.xib in Resources */,
				63A255781B3B16BD0003D954 /* Images.xcassets in Resources */,
			);
			runOnlyForDeploymentPostprocessing = 0;
		};
		63A2557E1B3B16BD0003D954 /* Resources */ = {
			isa = PBXResourcesBuildPhase;
			buildActionMask = 2147483647;
			files = (
			);
			runOnlyForDeploymentPostprocessing = 0;
		};
/* End PBXResourcesBuildPhase section */

/* Begin PBXSourcesBuildPhase section */
		63A255671B3B16BD0003D954 /* Sources */ = {
			isa = PBXSourcesBuildPhase;
			buildActionMask = 2147483647;
			files = (
				63F2F1611B4266EF005A3221 /* NetworkOperation.swift in Sources */,
				63A255731B3B16BD0003D954 /* ViewController.swift in Sources */,
				63A255931B3B18440003D954 /* CurrentWeather.swift in Sources */,
				63A255711B3B16BD0003D954 /* AppDelegate.swift in Sources */,
			);
			runOnlyForDeploymentPostprocessing = 0;
		};
		63A2557C1B3B16BD0003D954 /* Sources */ = {
			isa = PBXSourcesBuildPhase;
			buildActionMask = 2147483647;
			files = (
				63A255871B3B16BD0003D954 /* StormyTests.swift in Sources */,
			);
			runOnlyForDeploymentPostprocessing = 0;
		};
/* End PBXSourcesBuildPhase section */

/* Begin PBXTargetDependency section */
		63A255821B3B16BD0003D954 /* PBXTargetDependency */ = {
			isa = PBXTargetDependency;
			target = 63A2556A1B3B16BD0003D954 /* Stormy */;
			targetProxy = 63A255811B3B16BD0003D954 /* PBXContainerItemProxy */;
		};
/* End PBXTargetDependency section */

/* Begin PBXVariantGroup section */
		63A255741B3B16BD0003D954 /* Main.storyboard */ = {
			isa = PBXVariantGroup;
			children = (
				63A255751B3B16BD0003D954 /* Base */,
			);
			name = Main.storyboard;
			sourceTree = "<group>";
		};
		63A255791B3B16BD0003D954 /* LaunchScreen.xib */ = {
			isa = PBXVariantGroup;
			children = (
				63A2557A1B3B16BD0003D954 /* Base */,
			);
			name = LaunchScreen.xib;
			sourceTree = "<group>";
		};
/* End PBXVariantGroup section */

/* Begin XCBuildConfiguration section */
		63A255881B3B16BD0003D954 /* Debug */ = {
			isa = XCBuildConfiguration;
			buildSettings = {
				ALWAYS_SEARCH_USER_PATHS = NO;
				CLANG_CXX_LANGUAGE_STANDARD = "gnu++0x";
				CLANG_CXX_LIBRARY = "libc++";
				CLANG_ENABLE_MODULES = YES;
				CLANG_ENABLE_OBJC_ARC = YES;
				CLANG_WARN_BOOL_CONVERSION = YES;
				CLANG_WARN_CONSTANT_CONVERSION = YES;
				CLANG_WARN_DIRECT_OBJC_ISA_USAGE = YES_ERROR;
				CLANG_WARN_EMPTY_BODY = YES;
				CLANG_WARN_ENUM_CONVERSION = YES;
				CLANG_WARN_INT_CONVERSION = YES;
				CLANG_WARN_OBJC_ROOT_CLASS = YES_ERROR;
				CLANG_WARN_UNREACHABLE_CODE = YES;
				CLANG_WARN__DUPLICATE_METHOD_MATCH = YES;
				"CODE_SIGN_IDENTITY[sdk=iphoneos*]" = "iPhone Developer";
				COPY_PHASE_STRIP = NO;
				DEBUG_INFORMATION_FORMAT = "dwarf-with-dsym";
				ENABLE_STRICT_OBJC_MSGSEND = YES;
				GCC_C_LANGUAGE_STANDARD = gnu99;
				GCC_DYNAMIC_NO_PIC = NO;
				GCC_NO_COMMON_BLOCKS = YES;
				GCC_OPTIMIZATION_LEVEL = 0;
				GCC_PREPROCESSOR_DEFINITIONS = (
					"DEBUG=1",
					"$(inherited)",
				);
				GCC_SYMBOLS_PRIVATE_EXTERN = NO;
				GCC_WARN_64_TO_32_BIT_CONVERSION = YES;
				GCC_WARN_ABOUT_RETURN_TYPE = YES_ERROR;
				GCC_WARN_UNDECLARED_SELECTOR = YES;
				GCC_WARN_UNINITIALIZED_AUTOS = YES_AGGRESSIVE;
				GCC_WARN_UNUSED_FUNCTION = YES;
				GCC_WARN_UNUSED_VARIABLE = YES;
				IPHONEOS_DEPLOYMENT_TARGET = 8.3;
				MTL_ENABLE_DEBUG_INFO = YES;
				ONLY_ACTIVE_ARCH = YES;
				SDKROOT = iphoneos;
				SWIFT_OPTIMIZATION_LEVEL = "-Onone";
			};
			name = Debug;
		};
		63A255891B3B16BD0003D954 /* Release */ = {
			isa = XCBuildConfiguration;
			buildSettings = {
				ALWAYS_SEARCH_USER_PATHS = NO;
				CLANG_CXX_LANGUAGE_STANDARD = "gnu++0x";
				CLANG_CXX_LIBRARY = "libc++";
				CLANG_ENABLE_MODULES = YES;
				CLANG_ENABLE_OBJC_ARC = YES;
				CLANG_WARN_BOOL_CONVERSION = YES;
				CLANG_WARN_CONSTANT_CONVERSION = YES;
				CLANG_WARN_DIRECT_OBJC_ISA_USAGE = YES_ERROR;
				CLANG_WARN_EMPTY_BODY = YES;
				CLANG_WARN_ENUM_CONVERSION = YES;
				CLANG_WARN_INT_CONVERSION = YES;
				CLANG_WARN_OBJC_ROOT_CLASS = YES_ERROR;
				CLANG_WARN_UNREACHABLE_CODE = YES;
				CLANG_WARN__DUPLICATE_METHOD_MATCH = YES;
				"CODE_SIGN_IDENTITY[sdk=iphoneos*]" = "iPhone Developer";
				COPY_PHASE_STRIP = NO;
				DEBUG_INFORMATION_FORMAT = "dwarf-with-dsym";
				ENABLE_NS_ASSERTIONS = NO;
				ENABLE_STRICT_OBJC_MSGSEND = YES;
				GCC_C_LANGUAGE_STANDARD = gnu99;
				GCC_NO_COMMON_BLOCKS = YES;
				GCC_WARN_64_TO_32_BIT_CONVERSION = YES;
				GCC_WARN_ABOUT_RETURN_TYPE = YES_ERROR;
				GCC_WARN_UNDECLARED_SELECTOR = YES;
				GCC_WARN_UNINITIALIZED_AUTOS = YES_AGGRESSIVE;
				GCC_WARN_UNUSED_FUNCTION = YES;
				GCC_WARN_UNUSED_VARIABLE = YES;
				IPHONEOS_DEPLOYMENT_TARGET = 8.3;
				MTL_ENABLE_DEBUG_INFO = NO;
				SDKROOT = iphoneos;
				VALIDATE_PRODUCT = YES;
			};
			name = Release;
		};
		63A2558B1B3B16BD0003D954 /* Debug */ = {
			isa = XCBuildConfiguration;
			buildSettings = {
				ASSETCATALOG_COMPILER_APPICON_NAME = AppIcon;
				INFOPLIST_FILE = Stormy/Info.plist;
				LD_RUNPATH_SEARCH_PATHS = "$(inherited) @executable_path/Frameworks";
				PRODUCT_NAME = "$(TARGET_NAME)";
			};
			name = Debug;
		};
		63A2558C1B3B16BD0003D954 /* Release */ = {
			isa = XCBuildConfiguration;
			buildSettings = {
				ASSETCATALOG_COMPILER_APPICON_NAME = AppIcon;
				INFOPLIST_FILE = Stormy/Info.plist;
				LD_RUNPATH_SEARCH_PATHS = "$(inherited) @executable_path/Frameworks";
				PRODUCT_NAME = "$(TARGET_NAME)";
			};
			name = Release;
		};
		63A2558E1B3B16BD0003D954 /* Debug */ = {
			isa = XCBuildConfiguration;
			buildSettings = {
				BUNDLE_LOADER = "$(TEST_HOST)";
				FRAMEWORK_SEARCH_PATHS = (
					"$(SDKROOT)/Developer/Library/Frameworks",
					"$(inherited)",
				);
				GCC_PREPROCESSOR_DEFINITIONS = (
					"DEBUG=1",
					"$(inherited)",
				);
				INFOPLIST_FILE = StormyTests/Info.plist;
				LD_RUNPATH_SEARCH_PATHS = "$(inherited) @executable_path/Frameworks @loader_path/Frameworks";
				PRODUCT_NAME = "$(TARGET_NAME)";
				TEST_HOST = "$(BUILT_PRODUCTS_DIR)/Stormy.app/Stormy";
			};
			name = Debug;
		};
		63A2558F1B3B16BD0003D954 /* Release */ = {
			isa = XCBuildConfiguration;
			buildSettings = {
				BUNDLE_LOADER = "$(TEST_HOST)";
				FRAMEWORK_SEARCH_PATHS = (
					"$(SDKROOT)/Developer/Library/Frameworks",
					"$(inherited)",
				);
				INFOPLIST_FILE = StormyTests/Info.plist;
				LD_RUNPATH_SEARCH_PATHS = "$(inherited) @executable_path/Frameworks @loader_path/Frameworks";
				PRODUCT_NAME = "$(TARGET_NAME)";
				TEST_HOST = "$(BUILT_PRODUCTS_DIR)/Stormy.app/Stormy";
			};
			name = Release;
		};
/* End XCBuildConfiguration section */

/* Begin XCConfigurationList section */
		63A255661B3B16BD0003D954 /* Build configuration list for PBXProject "Stormy" */ = {
			isa = XCConfigurationList;
			buildConfigurations = (
				63A255881B3B16BD0003D954 /* Debug */,
				63A255891B3B16BD0003D954 /* Release */,
			);
			defaultConfigurationIsVisible = 0;
			defaultConfigurationName = Release;
		};
		63A2558A1B3B16BD0003D954 /* Build configuration list for PBXNativeTarget "Stormy" */ = {
			isa = XCConfigurationList;
			buildConfigurations = (
				63A2558B1B3B16BD0003D954 /* Debug */,
				63A2558C1B3B16BD0003D954 /* Release */,
			);
			defaultConfigurationIsVisible = 0;
			defaultConfigurationName = Release;
		};
		63A2558D1B3B16BD0003D954 /* Build configuration list for PBXNativeTarget "StormyTests" */ = {
			isa = XCConfigurationList;
			buildConfigurations = (
				63A2558E1B3B16BD0003D954 /* Debug */,
				63A2558F1B3B16BD0003D954 /* Release */,
			);
			defaultConfigurationIsVisible = 0;
			defaultConfigurationName = Release;
		};
/* End XCConfigurationList section */
	};
	rootObject = 63A255631B3B16BD0003D954 /* Project object */;
}
